{
  "name": "puppeteer_demo",
  "version": "1.0.0",
  "lockfileVersion": 1,
  "requires": true,
  "dependencies": {
    "commander": {
      "version": "2.17.1",
      "resolved": "https://registry.npmjs.org/commander/-/commander-2.17.1.tgz",
      "integrity": "sha512-wPMUt6FnH2yzG95SA6mzjQOEKUU3aLaDEmzs1ti+1E9h+CsrZghRlqEM/EJ4KscsQVG8uNN4uVreUeT8+drlgg=="
    },
    "puppeteer": {
      "version": "1.7.0",
      "resolved": "http://registry.npm.taobao.org/puppeteer/download/puppeteer-1.7.0.tgz",
      "dependencies": {
        "debug": {
          "version": "http://registry.npm.taobao.org/debug/download/debug-3.1.0.tgz",
          "bundled": true,
          "dependencies": {
            "ms": {
              "version": "http://registry.npm.taobao.org/ms/download/ms-2.0.0.tgz",
              "bundled": true
            }
          }
        },
        "extract-zip": {
          "version": "http://registry.npm.taobao.org/extract-zip/download/extract-zip-1.6.7.tgz",
          "bundled": true
        },
        "https-proxy-agent": {
          "version": "http://registry.npm.taobao.org/https-proxy-agent/download/https-proxy-agent-2.2.1.tgz",
          "bundled": true,
          "dependencies": {
            "agent-base": {
              "version": "http://registry.npm.taobao.org/agent-base/download/agent-base-4.2.1.tgz",
              "bundled": true,
              "dependencies": {
                "es6-promisify": {
                  "version": "http://registry.npm.taobao.org/es6-promisify/download/es6-promisify-5.0.0.tgz",
                  "bundled": true
                }
              }
            },
            "debug": {
              "version": "http://registry.npm.taobao.org/debug/download/debug-3.1.0.tgz",
              "bundled": true
            }
          }
        },
        "mime": {
          "version": "http://registry.npm.taobao.org/mime/download/mime-2.3.1.tgz",
          "bundled": true
        },
        "progress": {
          "version": "http://registry.npm.taobao.org/progress/download/progress-2.0.0.tgz",
          "bundled": true
        },
        "proxy-from-env": {
          "version": "http://registry.npm.taobao.org/proxy-from-env/download/proxy-from-env-1.0.0.tgz",
          "bundled": true
        },
        "rimraf": {
          "version": "http://registry.npm.taobao.org/rimraf/download/rimraf-2.6.2.tgz",
          "bundled": true
        },
        "ws": {
          "version": "http://registry.npm.taobao.org/ws/download/ws-5.2.2.tgz",
          "bundled": true
        }
      }
    }
  }
}
